Microsoft Visual Studio Solution File, Format Version 12.00
# Visual Studio Version 17
VisualStudioVersion = 17.0.31912.275
MinimumVisualStudioVersion = 10.0.40219.1
Project("{FAE04EC0-301F-11D3-BF4B-00C04F79EFBC}") = "EnderecoApi", "EnderecoApi/EnderecoApi.csproj", "{D2A1E4A6-5E2B-4F2A-9E3A-6B3D5E5F1A6A}"
EndProject
Project("{FAE04EC0-301F-11D3-BF4B-00C04F79EFBC}") = "EnderecoApi.Tests", "EnderecoApi.Tests/EnderecoApi.Tests.csproj", "{A1B2C3D4-E5F6-7890-1234-56789ABCDEF0}"
EndProject
Global
	GlobalSection(SolutionConfigurationPlatforms) = preSolution
		Debug|Any CPU = Debug|Any CPU
		Release|Any CPU = Release|Any CPU
	EndGlobalSection
	GlobalSection(ProjectConfigurationPlatforms) = postSolution
		{D2A1E4A6-5E2B-4F2A-9E3A-6B3D5E5F1A6A}.Debug|Any CPU.ActiveCfg = Debug|Any CPU
		{D2A1E4A6-5E2B-4F2A-9E3A-6B3D5E5F1A6A}.Debug|Any CPU.Build.0 = Debug|Any CPU
		{D2A1E4A6-5E2B-4F2A-9E3A-6B3D5E5F1A6A}.Release|Any CPU.ActiveCfg = Release|Any CPU
		{D2A1E4A6-5E2B-4F2A-9E3A-6B3D5E5F1A6A}.Release|Any CPU.Build.0 = Release|Any CPU
		{A1B2C3D4-E5F6-7890-1234-56789ABCDEF0}.Debug|Any CPU.ActiveCfg = Debug|Any CPU
		{A1B2C3D4-E5F6-7890-1234-56789ABCDEF0}.Debug|Any CPU.Build.0 = Debug|Any CPU
		{A1B2C3D4-E5F6-7890-1234-56789ABCDEF0}.Release|Any CPU.ActiveCfg = Release|Any CPU
		{A1B2C3D4-E5F6-7890-1234-56789ABCDEF0}.Release|Any CPU.Build.0 = Release|Any CPU
	EndGlobalSection
EndGlobal
